
Microsoft Visual Studio Solution File, Format Version 12.00
# Visual Studio Version 17
VisualStudioVersion = 17.11.35312.102
MinimumVisualStudioVersion = 10.0.40219.1
Project("{FAE04EC0-301F-11D3-BF4B-00C04F79EFBC}") = "ShortestPathProblem_Algorithms", "ShortestPathProblem_Algorithms\ShortestPathProblem_Algorithms.csproj", "{3F9C3EAD-1DEF-4536-911F-DEBAAB0474FF}"
EndProject
Project("{FAE04EC0-301F-11D3-BF4B-00C04F79EFBC}") = "GraphGenerator", "GraphGenerator\GraphGenerator.csproj", "{55CC3A99-315A-4A41-87A7-487877B94025}"
EndProject
Project("{FAE04EC0-301F-11D3-BF4B-00C04F79EFBC}") = "BellmanFordAlgorithm", "BellmanFordAlgorithm\BellmanFordAlgorithm.csproj", "{4FCC22AA-3DD3-4308-BBD3-532664E7234D}"
EndProject
Global
	GlobalSection(SolutionConfigurationPlatforms) = preSolution
		Debug|Any CPU = Debug|Any CPU
		Release|Any CPU = Release|Any CPU
	EndGlobalSection
	GlobalSection(ProjectConfigurationPlatforms) = postSolution
		{3F9C3EAD-1DEF-4536-911F-DEBAAB0474FF}.Debug|Any CPU.ActiveCfg = Debug|Any CPU
		{3F9C3EAD-1DEF-4536-911F-DEBAAB0474FF}.Debug|Any CPU.Build.0 = Debug|Any CPU
		{3F9C3EAD-1DEF-4536-911F-DEBAAB0474FF}.Release|Any CPU.ActiveCfg = Release|Any CPU
		{3F9C3EAD-1DEF-4536-911F-DEBAAB0474FF}.Release|Any CPU.Build.0 = Release|Any CPU
		{55CC3A99-315A-4A41-87A7-487877B94025}.Debug|Any CPU.ActiveCfg = Debug|Any CPU
		{55CC3A99-315A-4A41-87A7-487877B94025}.Debug|Any CPU.Build.0 = Debug|Any CPU
		{55CC3A99-315A-4A41-87A7-487877B94025}.Release|Any CPU.ActiveCfg = Release|Any CPU
		{55CC3A99-315A-4A41-87A7-487877B94025}.Release|Any CPU.Build.0 = Release|Any CPU
		{4FCC22AA-3DD3-4308-BBD3-532664E7234D}.Debug|Any CPU.ActiveCfg = Debug|Any CPU
		{4FCC22AA-3DD3-4308-BBD3-532664E7234D}.Debug|Any CPU.Build.0 = Debug|Any CPU
		{4FCC22AA-3DD3-4308-BBD3-532664E7234D}.Release|Any CPU.ActiveCfg = Release|Any CPU
		{4FCC22AA-3DD3-4308-BBD3-532664E7234D}.Release|Any CPU.Build.0 = Release|Any CPU
	EndGlobalSection
	GlobalSection(SolutionProperties) = preSolution
		HideSolutionNode = FALSE
	EndGlobalSection
	GlobalSection(ExtensibilityGlobals) = postSolution
		SolutionGuid = {60C116BE-07F1-444E-8916-CC76406D3EA8}
	EndGlobalSection
EndGlobal
